
Microsoft Visual Studio Solution File, Format Version 12.00
# Visual Studio Version 17
VisualStudioVersion = 17.7.34031.279
MinimumVisualStudioVersion = 10.0.40219.1
Project("{FAE04EC0-301F-11D3-BF4B-00C04F79EFBC}") = "MonthCalender", "MonthCalender\MonthCalender.csproj", "{ABF9A6A8-5F7B-4409-828D-82044105F669}"
EndProject
Global
	GlobalSection(SolutionConfigurationPlatforms) = preSolution
		Debug|Any CPU = Debug|Any CPU
		Release|Any CPU = Release|Any CPU
	EndGlobalSection
	GlobalSection(ProjectConfigurationPlatforms) = postSolution
		{ABF9A6A8-5F7B-4409-828D-82044105F669}.Debug|Any CPU.ActiveCfg = Debug|Any CPU
		{ABF9A6A8-5F7B-4409-828D-82044105F669}.Debug|Any CPU.Build.0 = Debug|Any CPU
		{ABF9A6A8-5F7B-4409-828D-82044105F669}.Release|Any CPU.ActiveCfg = Release|Any CPU
		{ABF9A6A8-5F7B-4409-828D-82044105F669}.Release|Any CPU.Build.0 = Release|Any CPU
	EndGlobalSection
	GlobalSection(SolutionProperties) = preSolution
		HideSolutionNode = FALSE
	EndGlobalSection
	GlobalSection(ExtensibilityGlobals) = postSolution
		SolutionGuid = {C0EDB87A-348A-4688-A017-0458CBFE2797}
	EndGlobalSection
EndGlobal
