
Microsoft Visual Studio Solution File, Format Version 12.00
# Visual Studio Version 17
VisualStudioVersion = 17.7.34031.279
MinimumVisualStudioVersion = 10.0.40219.1
Project("{FAE04EC0-301F-11D3-BF4B-00C04F79EFBC}") = "DataTablesInExcel", "DataTablesInExcel\DataTablesInExcel.csproj", "{2361DAA6-0618-4B42-B899-E6B374A3BB48}"
EndProject
Global
	GlobalSection(SolutionConfigurationPlatforms) = preSolution
		Debug|Any CPU = Debug|Any CPU
		Release|Any CPU = Release|Any CPU
	EndGlobalSection
	GlobalSection(ProjectConfigurationPlatforms) = postSolution
		{2361DAA6-0618-4B42-B899-E6B374A3BB48}.Debug|Any CPU.ActiveCfg = Debug|Any CPU
		{2361DAA6-0618-4B42-B899-E6B374A3BB48}.Debug|Any CPU.Build.0 = Debug|Any CPU
		{2361DAA6-0618-4B42-B899-E6B374A3BB48}.Release|Any CPU.ActiveCfg = Release|Any CPU
		{2361DAA6-0618-4B42-B899-E6B374A3BB48}.Release|Any CPU.Build.0 = Release|Any CPU
	EndGlobalSection
	GlobalSection(SolutionProperties) = preSolution
		HideSolutionNode = FALSE
	EndGlobalSection
	GlobalSection(ExtensibilityGlobals) = postSolution
		SolutionGuid = {DCDC713D-FED8-4B4A-99AE-3B8CB6A365A8}
	EndGlobalSection
EndGlobal
