
Microsoft Visual Studio Solution File, Format Version 12.00
# Visual Studio Version 17
VisualStudioVersion = 17.7.34031.279
MinimumVisualStudioVersion = 10.0.40219.1
Project("{FAE04EC0-301F-11D3-BF4B-00C04F79EFBC}") = "calculator again", "calculator again\calculator again.csproj", "{533173B9-6C08-4505-A8BC-FFB17294C889}"
EndProject
Global
	GlobalSection(SolutionConfigurationPlatforms) = preSolution
		Debug|Any CPU = Debug|Any CPU
		Release|Any CPU = Release|Any CPU
	EndGlobalSection
	GlobalSection(ProjectConfigurationPlatforms) = postSolution
		{533173B9-6C08-4505-A8BC-FFB17294C889}.Debug|Any CPU.ActiveCfg = Debug|Any CPU
		{533173B9-6C08-4505-A8BC-FFB17294C889}.Debug|Any CPU.Build.0 = Debug|Any CPU
		{533173B9-6C08-4505-A8BC-FFB17294C889}.Release|Any CPU.ActiveCfg = Release|Any CPU
		{533173B9-6C08-4505-A8BC-FFB17294C889}.Release|Any CPU.Build.0 = Release|Any CPU
	EndGlobalSection
	GlobalSection(SolutionProperties) = preSolution
		HideSolutionNode = FALSE
	EndGlobalSection
	GlobalSection(ExtensibilityGlobals) = postSolution
		SolutionGuid = {87A3A79D-2CA5-4D4C-8278-A7CB6AD02DE4}
	EndGlobalSection
EndGlobal
