
Microsoft Visual Studio Solution File, Format Version 12.00
# Visual Studio Version 17
VisualStudioVersion = 17.7.34031.279
MinimumVisualStudioVersion = 10.0.40219.1
Project("{FAE04EC0-301F-11D3-BF4B-00C04F79EFBC}") = "Chart", "Chart\Chart.csproj", "{EBA8AB30-B243-4DE0-853B-9DC7CEE4E1FA}"
EndProject
Global
	GlobalSection(SolutionConfigurationPlatforms) = preSolution
		Debug|Any CPU = Debug|Any CPU
		Release|Any CPU = Release|Any CPU
	EndGlobalSection
	GlobalSection(ProjectConfigurationPlatforms) = postSolution
		{EBA8AB30-B243-4DE0-853B-9DC7CEE4E1FA}.Debug|Any CPU.ActiveCfg = Debug|Any CPU
		{EBA8AB30-B243-4DE0-853B-9DC7CEE4E1FA}.Debug|Any CPU.Build.0 = Debug|Any CPU
		{EBA8AB30-B243-4DE0-853B-9DC7CEE4E1FA}.Release|Any CPU.ActiveCfg = Release|Any CPU
		{EBA8AB30-B243-4DE0-853B-9DC7CEE4E1FA}.Release|Any CPU.Build.0 = Release|Any CPU
	EndGlobalSection
	GlobalSection(SolutionProperties) = preSolution
		HideSolutionNode = FALSE
	EndGlobalSection
	GlobalSection(ExtensibilityGlobals) = postSolution
		SolutionGuid = {B3A12D03-AAAE-4ECC-8BF3-5076BEE3F593}
	EndGlobalSection
EndGlobal
