
Microsoft Visual Studio Solution File, Format Version 12.00
# Visual Studio Version 17
VisualStudioVersion = 17.7.34031.279
MinimumVisualStudioVersion = 10.0.40219.1
Project("{FAE04EC0-301F-11D3-BF4B-00C04F79EFBC}") = "ClassLibrary2", "ClassLibrary2\ClassLibrary2.csproj", "{2250980F-53F9-42EA-AB33-4A4410B96D18}"
EndProject
Global
	GlobalSection(SolutionConfigurationPlatforms) = preSolution
		Debug|Any CPU = Debug|Any CPU
		Release|Any CPU = Release|Any CPU
	EndGlobalSection
	GlobalSection(ProjectConfigurationPlatforms) = postSolution
		{2250980F-53F9-42EA-AB33-4A4410B96D18}.Debug|Any CPU.ActiveCfg = Debug|Any CPU
		{2250980F-53F9-42EA-AB33-4A4410B96D18}.Debug|Any CPU.Build.0 = Debug|Any CPU
		{2250980F-53F9-42EA-AB33-4A4410B96D18}.Release|Any CPU.ActiveCfg = Release|Any CPU
		{2250980F-53F9-42EA-AB33-4A4410B96D18}.Release|Any CPU.Build.0 = Release|Any CPU
	EndGlobalSection
	GlobalSection(SolutionProperties) = preSolution
		HideSolutionNode = FALSE
	EndGlobalSection
	GlobalSection(ExtensibilityGlobals) = postSolution
		SolutionGuid = {A4CA03B2-092C-4BFA-96A7-0665C2814155}
	EndGlobalSection
EndGlobal
