
Microsoft Visual Studio Solution File, Format Version 12.00
# Visual Studio Version 17
VisualStudioVersion = 17.7.34031.279
MinimumVisualStudioVersion = 10.0.40219.1
Project("{FAE04EC0-301F-11D3-BF4B-00C04F79EFBC}") = "SQLconnection", "SQLconnection\SQLconnection.csproj", "{A66AC293-F792-4C2C-A691-867C57AFE840}"
EndProject
Global
	GlobalSection(SolutionConfigurationPlatforms) = preSolution
		Debug|Any CPU = Debug|Any CPU
		Release|Any CPU = Release|Any CPU
	EndGlobalSection
	GlobalSection(ProjectConfigurationPlatforms) = postSolution
		{A66AC293-F792-4C2C-A691-867C57AFE840}.Debug|Any CPU.ActiveCfg = Debug|Any CPU
		{A66AC293-F792-4C2C-A691-867C57AFE840}.Debug|Any CPU.Build.0 = Debug|Any CPU
		{A66AC293-F792-4C2C-A691-867C57AFE840}.Release|Any CPU.ActiveCfg = Release|Any CPU
		{A66AC293-F792-4C2C-A691-867C57AFE840}.Release|Any CPU.Build.0 = Release|Any CPU
	EndGlobalSection
	GlobalSection(SolutionProperties) = preSolution
		HideSolutionNode = FALSE
	EndGlobalSection
	GlobalSection(ExtensibilityGlobals) = postSolution
		SolutionGuid = {C07D95A5-C373-49A3-A8B2-912FFF17BFB6}
	EndGlobalSection
EndGlobal
